
Microsoft Visual Studio Solution File, Format Version 12.00
Project("{FAE04EC0-301F-11D3-BF4B-00C04F79EFBC}") = "Day01", "Day01\Day01.csproj", "{6550B48E-F9E8-4338-841E-ACE5AC27D4B1}"
EndProject
Project("{FAE04EC0-301F-11D3-BF4B-00C04F79EFBC}") = "Day02", "Day02\Day02.csproj", "{EB419146-0EDA-4F4F-96F3-0A1D5A183ACE}"
EndProject
Project("{FAE04EC0-301F-11D3-BF4B-00C04F79EFBC}") = "Day03", "Day03\Day03.csproj", "{FA2D2CA9-80E6-4EF1-9BB1-C31A75ED2CFD}"
EndProject
Project("{FAE04EC0-301F-11D3-BF4B-00C04F79EFBC}") = "Day04", "Day04\Day04.csproj", "{8EEC0F1D-96E3-43CC-B2A8-D9D2F22B80FC}"
EndProject
Project("{FAE04EC0-301F-11D3-BF4B-00C04F79EFBC}") = "Day05", "Day05\Day05.csproj", "{771BA9A6-1599-4F8B-9736-BD11D4F28370}"
EndProject
Project("{FAE04EC0-301F-11D3-BF4B-00C04F79EFBC}") = "Day06", "Day06\Day06.csproj", "{06683B2B-6630-43A8-8C04-2D285FAD9105}"
EndProject
Project("{FAE04EC0-301F-11D3-BF4B-00C04F79EFBC}") = "Day07", "Day07\Day07.csproj", "{B0A9BA2F-D50C-44F2-9E6A-AF894276C29E}"
EndProject
Project("{FAE04EC0-301F-11D3-BF4B-00C04F79EFBC}") = "Day08", "Day08\Day08.csproj", "{04D1285C-ED66-4A1C-8E8E-ECF5E7A034FF}"
EndProject
Project("{FAE04EC0-301F-11D3-BF4B-00C04F79EFBC}") = "Day09", "Day09\Day09.csproj", "{077B0D6E-CE6D-40D2-AF53-798D5D34F97B}"
EndProject
Project("{FAE04EC0-301F-11D3-BF4B-00C04F79EFBC}") = "Day10", "Day10\Day10.csproj", "{D24B9B33-6DAB-46DC-9C31-55D46251E48D}"
EndProject
Project("{FAE04EC0-301F-11D3-BF4B-00C04F79EFBC}") = "Day11", "Day11\Day11.csproj", "{01FB80D8-1529-43AE-A378-83A0F0C9A066}"
EndProject
Project("{FAE04EC0-301F-11D3-BF4B-00C04F79EFBC}") = "Day12", "Day12\Day12.csproj", "{ECB716D7-C2C6-4DEC-B4A5-5946683DD431}"
EndProject
Project("{FAE04EC0-301F-11D3-BF4B-00C04F79EFBC}") = "Day13", "Day13\Day13.csproj", "{495FD1EB-B958-4C23-B7A5-4B93EE4A473C}"
EndProject
Project("{FAE04EC0-301F-11D3-BF4B-00C04F79EFBC}") = "Day14", "Day14\Day14.csproj", "{BFDEFA6D-49BC-4ECE-B12A-3141F7643EC2}"
EndProject
Project("{FAE04EC0-301F-11D3-BF4B-00C04F79EFBC}") = "Day15", "Day15\Day15.csproj", "{17EAC8A1-60BC-4F93-8B2F-3518AA9BC25D}"
EndProject
Project("{FAE04EC0-301F-11D3-BF4B-00C04F79EFBC}") = "Day16", "Day16\Day16.csproj", "{C778BCD4-7859-4C15-8A36-25083A2171DE}"
EndProject
Project("{FAE04EC0-301F-11D3-BF4B-00C04F79EFBC}") = "Day17", "Day17\Day17.csproj", "{7DFCBBA4-E24A-4692-ABA6-E8551D92F8ED}"
EndProject
Project("{FAE04EC0-301F-11D3-BF4B-00C04F79EFBC}") = "Day18", "Day18\Day18.csproj", "{E53C1593-C5B3-44F6-BB28-9D263290AAC4}"
EndProject
Project("{FAE04EC0-301F-11D3-BF4B-00C04F79EFBC}") = "Day19", "Day19\Day19.csproj", "{4F7337B9-0A8B-470C-9A6F-9FED735DB307}"
EndProject
Project("{FAE04EC0-301F-11D3-BF4B-00C04F79EFBC}") = "Day20", "Day20\Day20.csproj", "{F5C664C3-916B-4026-A174-D243BFAF60F8}"
EndProject
Project("{FAE04EC0-301F-11D3-BF4B-00C04F79EFBC}") = "Day21", "Day21\Day21.csproj", "{6DC4B196-16FC-41C1-8268-CEBB46833811}"
EndProject
Project("{FAE04EC0-301F-11D3-BF4B-00C04F79EFBC}") = "Day22", "Day22\Day22.csproj", "{F8468B74-3145-45D7-A46E-B1570765C3FE}"
EndProject
Project("{FAE04EC0-301F-11D3-BF4B-00C04F79EFBC}") = "Day23", "Day23\Day23.csproj", "{08CBD36D-E997-49F1-A53F-93F07DA330E4}"
EndProject
Project("{FAE04EC0-301F-11D3-BF4B-00C04F79EFBC}") = "Day24", "Day24\Day24.csproj", "{801D8314-0D52-4D79-9EC2-F591DF7765D5}"
EndProject
Project("{FAE04EC0-301F-11D3-BF4B-00C04F79EFBC}") = "Day25", "Day25\Day25.csproj", "{5B3DB422-8AB8-4D50-9A00-377DCD7FF61D}"
EndProject
Project("{FAE04EC0-301F-11D3-BF4B-00C04F79EFBC}") = "CommonUtils", "CommonUtils\CommonUtils.csproj", "{A2F7B83C-6C59-49A1-81DA-C851AF172E51}"
EndProject
Global
	GlobalSection(SolutionConfigurationPlatforms) = preSolution
		Debug|Any CPU = Debug|Any CPU
		Release|Any CPU = Release|Any CPU
	EndGlobalSection
	GlobalSection(ProjectConfigurationPlatforms) = postSolution
		{6550B48E-F9E8-4338-841E-ACE5AC27D4B1}.Debug|Any CPU.ActiveCfg = Debug|Any CPU
		{6550B48E-F9E8-4338-841E-ACE5AC27D4B1}.Debug|Any CPU.Build.0 = Debug|Any CPU
		{6550B48E-F9E8-4338-841E-ACE5AC27D4B1}.Release|Any CPU.ActiveCfg = Release|Any CPU
		{6550B48E-F9E8-4338-841E-ACE5AC27D4B1}.Release|Any CPU.Build.0 = Release|Any CPU
		{EB419146-0EDA-4F4F-96F3-0A1D5A183ACE}.Debug|Any CPU.ActiveCfg = Debug|Any CPU
		{EB419146-0EDA-4F4F-96F3-0A1D5A183ACE}.Debug|Any CPU.Build.0 = Debug|Any CPU
		{EB419146-0EDA-4F4F-96F3-0A1D5A183ACE}.Release|Any CPU.ActiveCfg = Release|Any CPU
		{EB419146-0EDA-4F4F-96F3-0A1D5A183ACE}.Release|Any CPU.Build.0 = Release|Any CPU
		{FA2D2CA9-80E6-4EF1-9BB1-C31A75ED2CFD}.Debug|Any CPU.ActiveCfg = Debug|Any CPU
		{FA2D2CA9-80E6-4EF1-9BB1-C31A75ED2CFD}.Debug|Any CPU.Build.0 = Debug|Any CPU
		{FA2D2CA9-80E6-4EF1-9BB1-C31A75ED2CFD}.Release|Any CPU.ActiveCfg = Release|Any CPU
		{FA2D2CA9-80E6-4EF1-9BB1-C31A75ED2CFD}.Release|Any CPU.Build.0 = Release|Any CPU
		{8EEC0F1D-96E3-43CC-B2A8-D9D2F22B80FC}.Debug|Any CPU.ActiveCfg = Debug|Any CPU
		{8EEC0F1D-96E3-43CC-B2A8-D9D2F22B80FC}.Debug|Any CPU.Build.0 = Debug|Any CPU
		{8EEC0F1D-96E3-43CC-B2A8-D9D2F22B80FC}.Release|Any CPU.ActiveCfg = Release|Any CPU
		{8EEC0F1D-96E3-43CC-B2A8-D9D2F22B80FC}.Release|Any CPU.Build.0 = Release|Any CPU
		{771BA9A6-1599-4F8B-9736-BD11D4F28370}.Debug|Any CPU.ActiveCfg = Debug|Any CPU
		{771BA9A6-1599-4F8B-9736-BD11D4F28370}.Debug|Any CPU.Build.0 = Debug|Any CPU
		{771BA9A6-1599-4F8B-9736-BD11D4F28370}.Release|Any CPU.ActiveCfg = Release|Any CPU
		{771BA9A6-1599-4F8B-9736-BD11D4F28370}.Release|Any CPU.Build.0 = Release|Any CPU
		{06683B2B-6630-43A8-8C04-2D285FAD9105}.Debug|Any CPU.ActiveCfg = Debug|Any CPU
		{06683B2B-6630-43A8-8C04-2D285FAD9105}.Debug|Any CPU.Build.0 = Debug|Any CPU
		{06683B2B-6630-43A8-8C04-2D285FAD9105}.Release|Any CPU.ActiveCfg = Release|Any CPU
		{06683B2B-6630-43A8-8C04-2D285FAD9105}.Release|Any CPU.Build.0 = Release|Any CPU
		{B0A9BA2F-D50C-44F2-9E6A-AF894276C29E}.Debug|Any CPU.ActiveCfg = Debug|Any CPU
		{B0A9BA2F-D50C-44F2-9E6A-AF894276C29E}.Debug|Any CPU.Build.0 = Debug|Any CPU
		{B0A9BA2F-D50C-44F2-9E6A-AF894276C29E}.Release|Any CPU.ActiveCfg = Release|Any CPU
		{B0A9BA2F-D50C-44F2-9E6A-AF894276C29E}.Release|Any CPU.Build.0 = Release|Any CPU
		{04D1285C-ED66-4A1C-8E8E-ECF5E7A034FF}.Debug|Any CPU.ActiveCfg = Debug|Any CPU
		{04D1285C-ED66-4A1C-8E8E-ECF5E7A034FF}.Debug|Any CPU.Build.0 = Debug|Any CPU
		{04D1285C-ED66-4A1C-8E8E-ECF5E7A034FF}.Release|Any CPU.ActiveCfg = Release|Any CPU
		{04D1285C-ED66-4A1C-8E8E-ECF5E7A034FF}.Release|Any CPU.Build.0 = Release|Any CPU
		{077B0D6E-CE6D-40D2-AF53-798D5D34F97B}.Debug|Any CPU.ActiveCfg = Debug|Any CPU
		{077B0D6E-CE6D-40D2-AF53-798D5D34F97B}.Debug|Any CPU.Build.0 = Debug|Any CPU
		{077B0D6E-CE6D-40D2-AF53-798D5D34F97B}.Release|Any CPU.ActiveCfg = Release|Any CPU
		{077B0D6E-CE6D-40D2-AF53-798D5D34F97B}.Release|Any CPU.Build.0 = Release|Any CPU
		{D24B9B33-6DAB-46DC-9C31-55D46251E48D}.Debug|Any CPU.ActiveCfg = Debug|Any CPU
		{D24B9B33-6DAB-46DC-9C31-55D46251E48D}.Debug|Any CPU.Build.0 = Debug|Any CPU
		{D24B9B33-6DAB-46DC-9C31-55D46251E48D}.Release|Any CPU.ActiveCfg = Release|Any CPU
		{D24B9B33-6DAB-46DC-9C31-55D46251E48D}.Release|Any CPU.Build.0 = Release|Any CPU
		{01FB80D8-1529-43AE-A378-83A0F0C9A066}.Debug|Any CPU.ActiveCfg = Debug|Any CPU
		{01FB80D8-1529-43AE-A378-83A0F0C9A066}.Debug|Any CPU.Build.0 = Debug|Any CPU
		{01FB80D8-1529-43AE-A378-83A0F0C9A066}.Release|Any CPU.ActiveCfg = Release|Any CPU
		{01FB80D8-1529-43AE-A378-83A0F0C9A066}.Release|Any CPU.Build.0 = Release|Any CPU
		{ECB716D7-C2C6-4DEC-B4A5-5946683DD431}.Debug|Any CPU.ActiveCfg = Debug|Any CPU
		{ECB716D7-C2C6-4DEC-B4A5-5946683DD431}.Debug|Any CPU.Build.0 = Debug|Any CPU
		{ECB716D7-C2C6-4DEC-B4A5-5946683DD431}.Release|Any CPU.ActiveCfg = Release|Any CPU
		{ECB716D7-C2C6-4DEC-B4A5-5946683DD431}.Release|Any CPU.Build.0 = Release|Any CPU
		{495FD1EB-B958-4C23-B7A5-4B93EE4A473C}.Debug|Any CPU.ActiveCfg = Debug|Any CPU
		{495FD1EB-B958-4C23-B7A5-4B93EE4A473C}.Debug|Any CPU.Build.0 = Debug|Any CPU
		{495FD1EB-B958-4C23-B7A5-4B93EE4A473C}.Release|Any CPU.ActiveCfg = Release|Any CPU
		{495FD1EB-B958-4C23-B7A5-4B93EE4A473C}.Release|Any CPU.Build.0 = Release|Any CPU
		{BFDEFA6D-49BC-4ECE-B12A-3141F7643EC2}.Debug|Any CPU.ActiveCfg = Debug|Any CPU
		{BFDEFA6D-49BC-4ECE-B12A-3141F7643EC2}.Debug|Any CPU.Build.0 = Debug|Any CPU
		{BFDEFA6D-49BC-4ECE-B12A-3141F7643EC2}.Release|Any CPU.ActiveCfg = Release|Any CPU
		{BFDEFA6D-49BC-4ECE-B12A-3141F7643EC2}.Release|Any CPU.Build.0 = Release|Any CPU
		{17EAC8A1-60BC-4F93-8B2F-3518AA9BC25D}.Debug|Any CPU.ActiveCfg = Debug|Any CPU
		{17EAC8A1-60BC-4F93-8B2F-3518AA9BC25D}.Debug|Any CPU.Build.0 = Debug|Any CPU
		{17EAC8A1-60BC-4F93-8B2F-3518AA9BC25D}.Release|Any CPU.ActiveCfg = Release|Any CPU
		{17EAC8A1-60BC-4F93-8B2F-3518AA9BC25D}.Release|Any CPU.Build.0 = Release|Any CPU
		{C778BCD4-7859-4C15-8A36-25083A2171DE}.Debug|Any CPU.ActiveCfg = Debug|Any CPU
		{C778BCD4-7859-4C15-8A36-25083A2171DE}.Debug|Any CPU.Build.0 = Debug|Any CPU
		{C778BCD4-7859-4C15-8A36-25083A2171DE}.Release|Any CPU.ActiveCfg = Release|Any CPU
		{C778BCD4-7859-4C15-8A36-25083A2171DE}.Release|Any CPU.Build.0 = Release|Any CPU
		{7DFCBBA4-E24A-4692-ABA6-E8551D92F8ED}.Debug|Any CPU.ActiveCfg = Debug|Any CPU
		{7DFCBBA4-E24A-4692-ABA6-E8551D92F8ED}.Debug|Any CPU.Build.0 = Debug|Any CPU
		{7DFCBBA4-E24A-4692-ABA6-E8551D92F8ED}.Release|Any CPU.ActiveCfg = Release|Any CPU
		{7DFCBBA4-E24A-4692-ABA6-E8551D92F8ED}.Release|Any CPU.Build.0 = Release|Any CPU
		{E53C1593-C5B3-44F6-BB28-9D263290AAC4}.Debug|Any CPU.ActiveCfg = Debug|Any CPU
		{E53C1593-C5B3-44F6-BB28-9D263290AAC4}.Debug|Any CPU.Build.0 = Debug|Any CPU
		{E53C1593-C5B3-44F6-BB28-9D263290AAC4}.Release|Any CPU.ActiveCfg = Release|Any CPU
		{E53C1593-C5B3-44F6-BB28-9D263290AAC4}.Release|Any CPU.Build.0 = Release|Any CPU
		{4F7337B9-0A8B-470C-9A6F-9FED735DB307}.Debug|Any CPU.ActiveCfg = Debug|Any CPU
		{4F7337B9-0A8B-470C-9A6F-9FED735DB307}.Debug|Any CPU.Build.0 = Debug|Any CPU
		{4F7337B9-0A8B-470C-9A6F-9FED735DB307}.Release|Any CPU.ActiveCfg = Release|Any CPU
		{4F7337B9-0A8B-470C-9A6F-9FED735DB307}.Release|Any CPU.Build.0 = Release|Any CPU
		{F5C664C3-916B-4026-A174-D243BFAF60F8}.Debug|Any CPU.ActiveCfg = Debug|Any CPU
		{F5C664C3-916B-4026-A174-D243BFAF60F8}.Debug|Any CPU.Build.0 = Debug|Any CPU
		{F5C664C3-916B-4026-A174-D243BFAF60F8}.Release|Any CPU.ActiveCfg = Release|Any CPU
		{F5C664C3-916B-4026-A174-D243BFAF60F8}.Release|Any CPU.Build.0 = Release|Any CPU
		{6DC4B196-16FC-41C1-8268-CEBB46833811}.Debug|Any CPU.ActiveCfg = Debug|Any CPU
		{6DC4B196-16FC-41C1-8268-CEBB46833811}.Debug|Any CPU.Build.0 = Debug|Any CPU
		{6DC4B196-16FC-41C1-8268-CEBB46833811}.Release|Any CPU.ActiveCfg = Release|Any CPU
		{6DC4B196-16FC-41C1-8268-CEBB46833811}.Release|Any CPU.Build.0 = Release|Any CPU
		{F8468B74-3145-45D7-A46E-B1570765C3FE}.Debug|Any CPU.ActiveCfg = Debug|Any CPU
		{F8468B74-3145-45D7-A46E-B1570765C3FE}.Debug|Any CPU.Build.0 = Debug|Any CPU
		{F8468B74-3145-45D7-A46E-B1570765C3FE}.Release|Any CPU.ActiveCfg = Release|Any CPU
		{F8468B74-3145-45D7-A46E-B1570765C3FE}.Release|Any CPU.Build.0 = Release|Any CPU
		{08CBD36D-E997-49F1-A53F-93F07DA330E4}.Debug|Any CPU.ActiveCfg = Debug|Any CPU
		{08CBD36D-E997-49F1-A53F-93F07DA330E4}.Debug|Any CPU.Build.0 = Debug|Any CPU
		{08CBD36D-E997-49F1-A53F-93F07DA330E4}.Release|Any CPU.ActiveCfg = Release|Any CPU
		{08CBD36D-E997-49F1-A53F-93F07DA330E4}.Release|Any CPU.Build.0 = Release|Any CPU
		{801D8314-0D52-4D79-9EC2-F591DF7765D5}.Debug|Any CPU.ActiveCfg = Debug|Any CPU
		{801D8314-0D52-4D79-9EC2-F591DF7765D5}.Debug|Any CPU.Build.0 = Debug|Any CPU
		{801D8314-0D52-4D79-9EC2-F591DF7765D5}.Release|Any CPU.ActiveCfg = Release|Any CPU
		{801D8314-0D52-4D79-9EC2-F591DF7765D5}.Release|Any CPU.Build.0 = Release|Any CPU
		{5B3DB422-8AB8-4D50-9A00-377DCD7FF61D}.Debug|Any CPU.ActiveCfg = Debug|Any CPU
		{5B3DB422-8AB8-4D50-9A00-377DCD7FF61D}.Debug|Any CPU.Build.0 = Debug|Any CPU
		{5B3DB422-8AB8-4D50-9A00-377DCD7FF61D}.Release|Any CPU.ActiveCfg = Release|Any CPU
		{5B3DB422-8AB8-4D50-9A00-377DCD7FF61D}.Release|Any CPU.Build.0 = Release|Any CPU
		{A2F7B83C-6C59-49A1-81DA-C851AF172E51}.Debug|Any CPU.ActiveCfg = Debug|Any CPU
		{A2F7B83C-6C59-49A1-81DA-C851AF172E51}.Debug|Any CPU.Build.0 = Debug|Any CPU
		{A2F7B83C-6C59-49A1-81DA-C851AF172E51}.Release|Any CPU.ActiveCfg = Release|Any CPU
		{A2F7B83C-6C59-49A1-81DA-C851AF172E51}.Release|Any CPU.Build.0 = Release|Any CPU
	EndGlobalSection
EndGlobal
